
Microsoft Visual Studio Solution File, Format Version 12.00
# Visual Studio 2013
VisualStudioVersion = 12.0.30501.0
MinimumVisualStudioVersion = 10.0.40219.1
Project("{FAE04EC0-301F-11D3-BF4B-00C04F79EFBC}") = "ReliableUnitOfWork.SqlAzure", "ReliableUnitOfWork.SqlAzure\ReliableUnitOfWork.SqlAzure.csproj", "{C450E55F-CDE0-4048-BBA5-40C06833640F}"
EndProject
Project("{2150E333-8FDC-42A3-9474-1A3956D46DE8}") = "Solution Items", "Solution Items", "{FE41EFBC-FD1D-4DFA-9982-B7073D22AC73}"
	ProjectSection(SolutionItems) = preProject
		..\.gitignore = ..\.gitignore
		..\LICENSE = ..\LICENSE
		..\README.md = ..\README.md
		..\reliable_uow.ico = ..\reliable_uow.ico
	EndProjectSection
EndProject
Project("{FAE04EC0-301F-11D3-BF4B-00C04F79EFBC}") = "ReliableUnitOfWork.SqlAzure.UnitTests", "ReliableUnitOfWork.SqlAzure.UnitTests\ReliableUnitOfWork.SqlAzure.UnitTests.csproj", "{EA7B64E9-55F3-4987-BCAF-86B03C985009}"
EndProject
Global
	GlobalSection(SolutionConfigurationPlatforms) = preSolution
		Debug|Any CPU = Debug|Any CPU
		Release|Any CPU = Release|Any CPU
	EndGlobalSection
	GlobalSection(ProjectConfigurationPlatforms) = postSolution
		{C450E55F-CDE0-4048-BBA5-40C06833640F}.Debug|Any CPU.ActiveCfg = Debug|Any CPU
		{C450E55F-CDE0-4048-BBA5-40C06833640F}.Debug|Any CPU.Build.0 = Debug|Any CPU
		{C450E55F-CDE0-4048-BBA5-40C06833640F}.Release|Any CPU.ActiveCfg = Release|Any CPU
		{C450E55F-CDE0-4048-BBA5-40C06833640F}.Release|Any CPU.Build.0 = Release|Any CPU
		{EA7B64E9-55F3-4987-BCAF-86B03C985009}.Debug|Any CPU.ActiveCfg = Debug|Any CPU
		{EA7B64E9-55F3-4987-BCAF-86B03C985009}.Debug|Any CPU.Build.0 = Debug|Any CPU
		{EA7B64E9-55F3-4987-BCAF-86B03C985009}.Release|Any CPU.ActiveCfg = Release|Any CPU
		{EA7B64E9-55F3-4987-BCAF-86B03C985009}.Release|Any CPU.Build.0 = Release|Any CPU
	EndGlobalSection
	GlobalSection(SolutionProperties) = preSolution
		HideSolutionNode = FALSE
	EndGlobalSection
EndGlobal
